// !$*UTF8*$!
{
	archiveVersion = 1;
	classes = {
	};
	objectVersion = 46;
	objects = {

/* Begin PBXBuildFile section */
		28003EDB1E797DC0009E7C6C /* main.m in Sources */ = {isa = PBXBuildFile; fileRef = 28003EDA1E797DC0009E7C6C /* main.m */; };
		28003EDE1E797DC0009E7C6C /* AppDelegate.m in Sources */ = {isa = PBXBuildFile; fileRef = 28003EDD1E797DC0009E7C6C /* AppDelegate.m */; };
		28003EE11E797DC0009E7C6C /* ViewController.m in Sources */ = {isa = PBXBuildFile; fileRef = 28003EE01E797DC0009E7C6C /* ViewController.m */; };
		28003EE41E797DC0009E7C6C /* Main.storyboard in Resources */ = {isa = PBXBuildFile; fileRef = 28003EE21E797DC0009E7C6C /* Main.storyboard */; };
		28003EE61E797DC0009E7C6C /* Assets.xcassets in Resources */ = {isa = PBXBuildFile; fileRef = 28003EE51E797DC0009E7C6C /* Assets.xcassets */; };
		28003EE91E797DC0009E7C6C /* LaunchScreen.storyboard in Resources */ = {isa = PBXBuildFile; fileRef = 28003EE71E797DC0009E7C6C /* LaunchScreen.storyboard */; };
		2813E2401E7A373200AA43F3 /* NetworkingTool.m in Sources */ = {isa = PBXBuildFile; fileRef = 2813E23F1E7A373200AA43F3 /* NetworkingTool.m */; };
		2813E2431E7A460000AA43F3 /* TwoViewController.m in Sources */ = {isa = PBXBuildFile; fileRef = 2813E2421E7A460000AA43F3 /* TwoViewController.m */; };
		489789A0F69851C79B1432D8 /* libPods-AFNCopy.a in Frameworks */ = {isa = PBXBuildFile; fileRef = 21FD08DFEC5F8AB7069C9006 /* libPods-AFNCopy.a */; };
/* End PBXBuildFile section */

/* Begin PBXFileReference section */
		21FD08DFEC5F8AB7069C9006 /* libPods-AFNCopy.a */ = {isa = PBXFileReference; explicitFileType = archive.ar; includeInIndex = 0; path = "libPods-AFNCopy.a"; sourceTree = BUILT_PRODUCTS_DIR; };
		28003ED61E797DC0009E7C6C /* AFNCopy.app */ = {isa = PBXFileReference; explicitFileType = wrapper.application; includeInIndex = 0; path = AFNCopy.app; sourceTree = BUILT_PRODUCTS_DIR; };
		28003EDA1E797DC0009E7C6C /* main.m */ = {isa = PBXFileReference; lastKnownFileType = sourcecode.c.objc; path = main.m; sourceTree = "<group>"; };
		28003EDC1E797DC0009E7C6C /* AppDelegate.h */ = {isa = PBXFileReference; lastKnownFileType = sourcecode.c.h; path = AppDelegate.h; sourceTree = "<group>"; };
		28003EDD1E797DC0009E7C6C /* AppDelegate.m */ = {isa = PBXFileReference; lastKnownFileType = sourcecode.c.objc; path = AppDelegate.m; sourceTree = "<group>"; };
		28003EDF1E797DC0009E7C6C /* ViewController.h */ = {isa = PBXFileReference; lastKnownFileType = sourcecode.c.h; path = ViewController.h; sourceTree = "<group>"; };
		28003EE01E797DC0009E7C6C /* ViewController.m */ = {isa = PBXFileReference; lastKnownFileType = sourcecode.c.objc; path = ViewController.m; sourceTree = "<group>"; };
		28003EE31E797DC0009E7C6C /* Base */ = {isa = PBXFileReference; lastKnownFileType = file.storyboard; name = Base; path = Base.lproj/Main.storyboard; sourceTree = "<group>"; };
		28003EE51E797DC0009E7C6C /* Assets.xcassets */ = {isa = PBXFileReference; lastKnownFileType = folder.assetcatalog; path = Assets.xcassets; sourceTree = "<group>"; };
		28003EE81E797DC0009E7C6C /* Base */ = {isa = PBXFileReference; lastKnownFileType = file.storyboard; name = Base; path = Base.lproj/LaunchScreen.storyboard; sourceTree = "<group>"; };
		28003EEA1E797DC0009E7C6C /* Info.plist */ = {isa = PBXFileReference; lastKnownFileType = text.plist.xml; path = Info.plist; sourceTree = "<group>"; };
		2813E23E1E7A373200AA43F3 /* NetworkingTool.h */ = {isa = PBXFileReference; fileEncoding = 4; lastKnownFileType = sourcecode.c.h; path = NetworkingTool.h; sourceTree = "<group>"; };
		2813E23F1E7A373200AA43F3 /* NetworkingTool.m */ = {isa = PBXFileReference; fileEncoding = 4; lastKnownFileType = sourcecode.c.objc; path = NetworkingTool.m; sourceTree = "<group>"; };
		2813E2411E7A460000AA43F3 /* TwoViewController.h */ = {isa = PBXFileReference; fileEncoding = 4; lastKnownFileType = sourcecode.c.h; path = TwoViewController.h; sourceTree = "<group>"; };
		2813E2421E7A460000AA43F3 /* TwoViewController.m */ = {isa = PBXFileReference; fileEncoding = 4; lastKnownFileType = sourcecode.c.objc; path = TwoViewController.m; sourceTree = "<group>"; };
		8830F7560CBA1E62F7D6CB77 /* Pods-AFNCopy.debug.xcconfig */ = {isa = PBXFileReference; includeInIndex = 1; lastKnownFileType = text.xcconfig; name = "Pods-AFNCopy.debug.xcconfig"; path = "Pods/Target Support Files/Pods-AFNCopy/Pods-AFNCopy.debug.xcconfig"; sourceTree = "<group>"; };
		B58C548FA8340F06D78B19D1 /* Pods-AFNCopy.release.xcconfig */ = {isa = PBXFileReference; includeInIndex = 1; lastKnownFileType = text.xcconfig; name = "Pods-AFNCopy.release.xcconfig"; path = "Pods/Target Support Files/Pods-AFNCopy/Pods-AFNCopy.release.xcconfig"; sourceTree = "<group>"; };
/* End PBXFileReference section */

/* Begin PBXFrameworksBuildPhase section */
		28003ED31E797DC0009E7C6C /* Frameworks */ = {
			isa = PBXFrameworksBuildPhase;
			buildActionMask = 2147483647;
			files = (
				489789A0F69851C79B1432D8 /* libPods-AFNCopy.a in Frameworks */,
			);
			runOnlyForDeploymentPostprocessing = 0;
		};
/* End PBXFrameworksBuildPhase section */

/* Begin PBXGroup section */
		28003ECD1E797DC0009E7C6C = {
			isa = PBXGroup;
			children = (
				28003ED81E797DC0009E7C6C /* AFNCopy */,
				28003ED71E797DC0009E7C6C /* Products */,
				6489D57D0A7714395E18F6DC /* Pods */,
				DBA931384F3BAFC2F089B0CE /* Frameworks */,
			);
			sourceTree = "<group>";
		};
		28003ED71E797DC0009E7C6C /* Products */ = {
			isa = PBXGroup;
			children = (
				28003ED61E797DC0009E7C6C /* AFNCopy.app */,
			);
			name = Products;
			sourceTree = "<group>";
		};
		28003ED81E797DC0009E7C6C /* AFNCopy */ = {
			isa = PBXGroup;
			children = (
				2813E23D1E7A36C000AA43F3 /* NetworkingTool */,
				28003EDC1E797DC0009E7C6C /* AppDelegate.h */,
				28003EDD1E797DC0009E7C6C /* AppDelegate.m */,
				28003EDF1E797DC0009E7C6C /* ViewController.h */,
				28003EE01E797DC0009E7C6C /* ViewController.m */,
				28003EE21E797DC0009E7C6C /* Main.storyboard */,
				28003EE51E797DC0009E7C6C /* Assets.xcassets */,
				28003EE71E797DC0009E7C6C /* LaunchScreen.storyboard */,
				28003EEA1E797DC0009E7C6C /* Info.plist */,
				28003ED91E797DC0009E7C6C /* Supporting Files */,
				2813E2411E7A460000AA43F3 /* TwoViewController.h */,
				2813E2421E7A460000AA43F3 /* TwoViewController.m */,
			);
			path = AFNCopy;
			sourceTree = "<group>";
		};
		28003ED91E797DC0009E7C6C /* Supporting Files */ = {
			isa = PBXGroup;
			children = (
				28003EDA1E797DC0009E7C6C /* main.m */,
			);
			name = "Supporting Files";
			sourceTree = "<group>";
		};
		2813E23D1E7A36C000AA43F3 /* NetworkingTool */ = {
			isa = PBXGroup;
			children = (
				2813E23E1E7A373200AA43F3 /* NetworkingTool.h */,
				2813E23F1E7A373200AA43F3 /* NetworkingTool.m */,
			);
			path = NetworkingTool;
			sourceTree = "<group>";
		};
		6489D57D0A7714395E18F6DC /* Pods */ = {
			isa = PBXGroup;
			children = (
				8830F7560CBA1E62F7D6CB77 /* Pods-AFNCopy.debug.xcconfig */,
				B58C548FA8340F06D78B19D1 /* Pods-AFNCopy.release.xcconfig */,
			);
			name = Pods;
			sourceTree = "<group>";
		};
		DBA931384F3BAFC2F089B0CE /* Frameworks */ = {
			isa = PBXGroup;
			children = (
				21FD08DFEC5F8AB7069C9006 /* libPods-AFNCopy.a */,
			);
			name = Frameworks;
			sourceTree = "<group>";
		};
/* End PBXGroup section */

/* Begin PBXNativeTarget section */
		28003ED51E797DC0009E7C6C /* AFNCopy */ = {
			isa = PBXNativeTarget;
			buildConfigurationList = 28003EED1E797DC0009E7C6C /* Build configuration list for PBXNativeTarget "AFNCopy" */;
			buildPhases = (
				DE8589142EF492590EB7F2A1 /* [CP] Check Pods Manifest.lock */,
				28003ED21E797DC0009E7C6C /* Sources */,
				28003ED31E797DC0009E7C6C /* Frameworks */,
				28003ED41E797DC0009E7C6C /* Resources */,
				CF69D7383F05242E86266072 /* [CP] Embed Pods Frameworks */,
				E7469CD9E3E65F135C957AFC /* [CP] Copy Pods Resources */,
			);
			buildRules = (
			);
			dependencies = (
			);
			name = AFNCopy;
			productName = AFNCopy;
			productReference = 28003ED61E797DC0009E7C6C /* AFNCopy.app */;
			productType = "com.apple.product-type.application";
		};
/* End PBXNativeTarget section */

/* Begin PBXProject section */
		28003ECE1E797DC0009E7C6C /* Project object */ = {
			isa = PBXProject;
			attributes = {
				LastUpgradeCheck = 0820;
				ORGANIZATIONNAME = DoubleK;
				TargetAttributes = {
					28003ED51E797DC0009E7C6C = {
						CreatedOnToolsVersion = 8.2.1;
						ProvisioningStyle = Automatic;
					};
				};
			};
			buildConfigurationList = 28003ED11E797DC0009E7C6C /* Build configuration list for PBXProject "AFNCopy" */;
			compatibilityVersion = "Xcode 3.2";
			developmentRegion = English;
			hasScannedForEncodings = 0;
			knownRegions = (
				en,
				Base,
			);
			mainGroup = 28003ECD1E797DC0009E7C6C;
			productRefGroup = 28003ED71E797DC0009E7C6C /* Products */;
			projectDirPath = "";
			projectRoot = "";
			targets = (
				28003ED51E797DC0009E7C6C /* AFNCopy */,
			);
		};
/* End PBXProject section */

/* Begin PBXResourcesBuildPhase section */
		28003ED41E797DC0009E7C6C /* Resources */ = {
			isa = PBXResourcesBuildPhase;
			buildActionMask = 2147483647;
			files = (
				28003EE91E797DC0009E7C6C /* LaunchScreen.storyboard in Resources */,
				28003EE61E797DC0009E7C6C /* Assets.xcassets in Resources */,
				28003EE41E797DC0009E7C6C /* Main.storyboard in Resources */,
			);
			runOnlyForDeploymentPostprocessing = 0;
		};
/* End PBXResourcesBuildPhase section */

/* Begin PBXShellScriptBuildPhase section */
		CF69D7383F05242E86266072 /* [CP] Embed Pods Frameworks */ = {
			isa = PBXShellScriptBuildPhase;
			buildActionMask = 2147483647;
			files = (
			);
			inputPaths = (
			);
			name = "[CP] Embed Pods Frameworks";
			outputPaths = (
			);
			runOnlyForDeploymentPostprocessing = 0;
			shellPath = /bin/sh;
			shellScript = "\"${SRCROOT}/Pods/Target Support Files/Pods-AFNCopy/Pods-AFNCopy-frameworks.sh\"\n";
			showEnvVarsInLog = 0;
		};
		DE8589142EF492590EB7F2A1 /* [CP] Check Pods Manifest.lock */ = {
			isa = PBXShellScriptBuildPhase;
			buildActionMask = 2147483647;
			files = (
			);
			inputPaths = (
			);
			name = "[CP] Check Pods Manifest.lock";
			outputPaths = (
			);
			runOnlyForDeploymentPostprocessing = 0;
			shellPath = /bin/sh;
			shellScript = "diff \"${PODS_ROOT}/../Podfile.lock\" \"${PODS_ROOT}/Manifest.lock\" > /dev/null\nif [ $? != 0 ] ; then\n    # print error to STDERR\n    echo \"error: The sandbox is not in sync with the Podfile.lock. Run 'pod install' or update your CocoaPods installation.\" >&2\n    exit 1\nfi\n";
			showEnvVarsInLog = 0;
		};
		E7469CD9E3E65F135C957AFC /* [CP] Copy Pods Resources */ = {
			isa = PBXShellScriptBuildPhase;
			buildActionMask = 2147483647;
			files = (
			);
			inputPaths = (
			);
			name = "[CP] Copy Pods Resources";
			outputPaths = (
			);
			runOnlyForDeploymentPostprocessing = 0;
			shellPath = /bin/sh;
			shellScript = "\"${SRCROOT}/Pods/Target Support Files/Pods-AFNCopy/Pods-AFNCopy-resources.sh\"\n";
			showEnvVarsInLog = 0;
		};
/* End PBXShellScriptBuildPhase section */

/* Begin PBXSourcesBuildPhase section */
		28003ED21E797DC0009E7C6C /* Sources */ = {
			isa = PBXSourcesBuildPhase;
			buildActionMask = 2147483647;
			files = (
				28003EE11E797DC0009E7C6C /* ViewController.m in Sources */,
				2813E2401E7A373200AA43F3 /* NetworkingTool.m in Sources */,
				28003EDE1E797DC0009E7C6C /* AppDelegate.m in Sources */,
				2813E2431E7A460000AA43F3 /* TwoViewController.m in Sources */,
				28003EDB1E797DC0009E7C6C /* main.m in Sources */,
			);
			runOnlyForDeploymentPostprocessing = 0;
		};
/* End PBXSourcesBuildPhase section */

/* Begin PBXVariantGroup section */
		28003EE21E797DC0009E7C6C /* Main.storyboard */ = {
			isa = PBXVariantGroup;
			children = (
				28003EE31E797DC0009E7C6C /* Base */,
			);
			name = Main.storyboard;
			sourceTree = "<group>";
		};
		28003EE71E797DC0009E7C6C /* LaunchScreen.storyboard */ = {
			isa = PBXVariantGroup;
			children = (
				28003EE81E797DC0009E7C6C /* Base */,
			);
			name = LaunchScreen.storyboard;
			sourceTree = "<group>";
		};
/* End PBXVariantGroup section */

/* Begin XCBuildConfiguration section */
		28003EEB1E797DC0009E7C6C /* Debug */ = {
			isa = XCBuildConfiguration;
			buildSettings = {
				ALWAYS_SEARCH_USER_PATHS = NO;
				CLANG_ANALYZER_NONNULL = YES;
				CLANG_CXX_LANGUAGE_STANDARD = "gnu++0x";
				CLANG_CXX_LIBRARY = "libc++";
				CLANG_ENABLE_MODULES = YES;
				CLANG_ENABLE_OBJC_ARC = YES;
				CLANG_WARN_BOOL_CONVERSION = YES;
				CLANG_WARN_CONSTANT_CONVERSION = YES;
				CLANG_WARN_DIRECT_OBJC_ISA_USAGE = YES_ERROR;
				CLANG_WARN_DOCUMENTATION_COMMENTS = YES;
				CLANG_WARN_EMPTY_BODY = YES;
				CLANG_WARN_ENUM_CONVERSION = YES;
				CLANG_WARN_INFINITE_RECURSION = YES;
				CLANG_WARN_INT_CONVERSION = YES;
				CLANG_WARN_OBJC_ROOT_CLASS = YES_ERROR;
				CLANG_WARN_SUSPICIOUS_MOVE = YES;
				CLANG_WARN_UNREACHABLE_CODE = YES;
				CLANG_WARN__DUPLICATE_METHOD_MATCH = YES;
				"CODE_SIGN_IDENTITY[sdk=iphoneos*]" = "iPhone Developer";
				COPY_PHASE_STRIP = NO;
				DEBUG_INFORMATION_FORMAT = dwarf;
				ENABLE_STRICT_OBJC_MSGSEND = YES;
				ENABLE_TESTABILITY = YES;
				GCC_C_LANGUAGE_STANDARD = gnu99;
				GCC_DYNAMIC_NO_PIC = NO;
				GCC_NO_COMMON_BLOCKS = YES;
				GCC_OPTIMIZATION_LEVEL = 0;
				GCC_PREPROCESSOR_DEFINITIONS = (
					"DEBUG=1",
					"$(inherited)",
				);
				GCC_WARN_64_TO_32_BIT_CONVERSION = YES;
				GCC_WARN_ABOUT_RETURN_TYPE = YES_ERROR;
				GCC_WARN_UNDECLARED_SELECTOR = YES;
				GCC_WARN_UNINITIALIZED_AUTOS = YES_AGGRESSIVE;
				GCC_WARN_UNUSED_FUNCTION = YES;
				GCC_WARN_UNUSED_VARIABLE = YES;
				IPHONEOS_DEPLOYMENT_TARGET = 10.2;
				MTL_ENABLE_DEBUG_INFO = YES;
				ONLY_ACTIVE_ARCH = YES;
				SDKROOT = iphoneos;
			};
			name = Debug;
		};
		28003EEC1E797DC0009E7C6C /* Release */ = {
			isa = XCBuildConfiguration;
			buildSettings = {
				ALWAYS_SEARCH_USER_PATHS = NO;
				CLANG_ANALYZER_NONNULL = YES;
				CLANG_CXX_LANGUAGE_STANDARD = "gnu++0x";
				CLANG_CXX_LIBRARY = "libc++";
				CLANG_ENABLE_MODULES = YES;
				CLANG_ENABLE_OBJC_ARC = YES;
				CLANG_WARN_BOOL_CONVERSION = YES;
				CLANG_WARN_CONSTANT_CONVERSION = YES;
				CLANG_WARN_DIRECT_OBJC_ISA_USAGE = YES_ERROR;
				CLANG_WARN_DOCUMENTATION_COMMENTS = YES;
				CLANG_WARN_EMPTY_BODY = YES;
				CLANG_WARN_ENUM_CONVERSION = YES;
				CLANG_WARN_INFINITE_RECURSION = YES;
				CLANG_WARN_INT_CONVERSION = YES;
				CLANG_WARN_OBJC_ROOT_CLASS = YES_ERROR;
				CLANG_WARN_SUSPICIOUS_MOVE = YES;
				CLANG_WARN_UNREACHABLE_CODE = YES;
				CLANG_WARN__DUPLICATE_METHOD_MATCH = YES;
				"CODE_SIGN_IDENTITY[sdk=iphoneos*]" = "iPhone Developer";
				COPY_PHASE_STRIP = NO;
				DEBUG_INFORMATION_FORMAT = "dwarf-with-dsym";
				ENABLE_NS_ASSERTIONS = NO;
				ENABLE_STRICT_OBJC_MSGSEND = YES;
				GCC_C_LANGUAGE_STANDARD = gnu99;
				GCC_NO_COMMON_BLOCKS = YES;
				GCC_WARN_64_TO_32_BIT_CONVERSION = YES;
				GCC_WARN_ABOUT_RETURN_TYPE = YES_ERROR;
				GCC_WARN_UNDECLARED_SELECTOR = YES;
				GCC_WARN_UNINITIALIZED_AUTOS = YES_AGGRESSIVE;
				GCC_WARN_UNUSED_FUNCTION = YES;
				GCC_WARN_UNUSED_VARIABLE = YES;
				IPHONEOS_DEPLOYMENT_TARGET = 10.2;
				MTL_ENABLE_DEBUG_INFO = NO;
				SDKROOT = iphoneos;
				VALIDATE_PRODUCT = YES;
			};
			name = Release;
		};
		28003EEE1E797DC0009E7C6C /* Debug */ = {
			isa = XCBuildConfiguration;
			baseConfigurationReference = 8830F7560CBA1E62F7D6CB77 /* Pods-AFNCopy.debug.xcconfig */;
			buildSettings = {
				ASSETCATALOG_COMPILER_APPICON_NAME = AppIcon;
				INFOPLIST_FILE = AFNCopy/Info.plist;
				LD_RUNPATH_SEARCH_PATHS = "$(inherited) @executable_path/Frameworks";
				PRODUCT_BUNDLE_IDENTIFIER = cn.DoubleK.AFNCopy;
				PRODUCT_NAME = "$(TARGET_NAME)";
			};
			name = Debug;
		};
		28003EEF1E797DC0009E7C6C /* Release */ = {
			isa = XCBuildConfiguration;
			baseConfigurationReference = B58C548FA8340F06D78B19D1 /* Pods-AFNCopy.release.xcconfig */;
			buildSettings = {
				ASSETCATALOG_COMPILER_APPICON_NAME = AppIcon;
				INFOPLIST_FILE = AFNCopy/Info.plist;
				LD_RUNPATH_SEARCH_PATHS = "$(inherited) @executable_path/Frameworks";
				PRODUCT_BUNDLE_IDENTIFIER = cn.DoubleK.AFNCopy;
				PRODUCT_NAME = "$(TARGET_NAME)";
			};
			name = Release;
		};
/* End XCBuildConfiguration section */

/* Begin XCConfigurationList section */
		28003ED11E797DC0009E7C6C /* Build configuration list for PBXProject "AFNCopy" */ = {
			isa = XCConfigurationList;
			buildConfigurations = (
				28003EEB1E797DC0009E7C6C /* Debug */,
				28003EEC1E797DC0009E7C6C /* Release */,
			);
			defaultConfigurationIsVisible = 0;
			defaultConfigurationName = Release;
		};
		28003EED1E797DC0009E7C6C /* Build configuration list for PBXNativeTarget "AFNCopy" */ = {
			isa = XCConfigurationList;
			buildConfigurations = (
				28003EEE1E797DC0009E7C6C /* Debug */,
				28003EEF1E797DC0009E7C6C /* Release */,
			);
			defaultConfigurationIsVisible = 0;
			defaultConfigurationName = Release;
		};
/* End XCConfigurationList section */
	};
	rootObject = 28003ECE1E797DC0009E7C6C /* Project object */;
}
